
Microsoft Visual Studio Solution File, Format Version 12.00
# Visual Studio 15
VisualStudioVersion = 15.0.27703.2018
MinimumVisualStudioVersion = 10.0.40219.1
Project("{FAE04EC0-301F-11D3-BF4B-00C04F79EFBC}") = "ProgammedBot", "ProgammedBot\ProgammedBot.csproj", "{08F64189-1D87-4929-A021-52C70C8DBFF2}"
EndProject
Global
	GlobalSection(SolutionConfigurationPlatforms) = preSolution
		Debug|Any CPU = Debug|Any CPU
		Release|Any CPU = Release|Any CPU
	EndGlobalSection
	GlobalSection(ProjectConfigurationPlatforms) = postSolution
		{08F64189-1D87-4929-A021-52C70C8DBFF2}.Debug|Any CPU.ActiveCfg = Debug|Any CPU
		{08F64189-1D87-4929-A021-52C70C8DBFF2}.Debug|Any CPU.Build.0 = Debug|Any CPU
		{08F64189-1D87-4929-A021-52C70C8DBFF2}.Release|Any CPU.ActiveCfg = Release|Any CPU
		{08F64189-1D87-4929-A021-52C70C8DBFF2}.Release|Any CPU.Build.0 = Release|Any CPU
	EndGlobalSection
	GlobalSection(SolutionProperties) = preSolution
		HideSolutionNode = FALSE
	EndGlobalSection
	GlobalSection(ExtensibilityGlobals) = postSolution
		SolutionGuid = {C585D384-E2C6-4C51-8704-8ED9AA149FA6}
	EndGlobalSection
EndGlobal
