
Microsoft Visual Studio Solution File, Format Version 12.00
# Visual Studio 15
VisualStudioVersion = 15.0.27703.2018
MinimumVisualStudioVersion = 10.0.40219.1
Project("{9A19103F-16F7-4668-BE54-9A1E7A4F7556}") = "ProgrammedBot", "ProgrammedBot\ProgrammedBot.csproj", "{08F64189-1D87-4929-A021-52C70C8DBFF2}"
EndProject
Project("{2150E333-8FDC-42A3-9474-1A3956D46DE8}") = ".misc", ".misc", "{66D6DF28-4847-43D2-AFC9-2F4551EE7C4C}"
	ProjectSection(SolutionItems) = preProject
		.gitignore = .gitignore
		..\README.md = ..\README.md
	EndProjectSection
EndProject
Global
	GlobalSection(SolutionConfigurationPlatforms) = preSolution
		Debug|Any CPU = Debug|Any CPU
		Release|Any CPU = Release|Any CPU
	EndGlobalSection
	GlobalSection(ProjectConfigurationPlatforms) = postSolution
		{08F64189-1D87-4929-A021-52C70C8DBFF2}.Debug|Any CPU.ActiveCfg = Debug|Any CPU
		{08F64189-1D87-4929-A021-52C70C8DBFF2}.Debug|Any CPU.Build.0 = Debug|Any CPU
		{08F64189-1D87-4929-A021-52C70C8DBFF2}.Release|Any CPU.ActiveCfg = Release|Any CPU
		{08F64189-1D87-4929-A021-52C70C8DBFF2}.Release|Any CPU.Build.0 = Release|Any CPU
	EndGlobalSection
	GlobalSection(SolutionProperties) = preSolution
		HideSolutionNode = FALSE
	EndGlobalSection
	GlobalSection(ExtensibilityGlobals) = postSolution
		SolutionGuid = {C585D384-E2C6-4C51-8704-8ED9AA149FA6}
	EndGlobalSection
EndGlobal
